
Microsoft Visual Studio Solution File, Format Version 12.00
# Visual Studio Version 17
VisualStudioVersion = 17.5.33414.496
MinimumVisualStudioVersion = 10.0.40219.1
Project("{FAE04EC0-301F-11D3-BF4B-00C04F79EFBC}") = "Perceptron1", "Perceptron1.csproj", "{C2A77D26-0F80-4543-AA05-F5E9CBF6CF50}"
EndProject
Global
	GlobalSection(SolutionConfigurationPlatforms) = preSolution
		Debug|Any CPU = Debug|Any CPU
		Release|Any CPU = Release|Any CPU
	EndGlobalSection
	GlobalSection(ProjectConfigurationPlatforms) = postSolution
		{C2A77D26-0F80-4543-AA05-F5E9CBF6CF50}.Debug|Any CPU.ActiveCfg = Debug|Any CPU
		{C2A77D26-0F80-4543-AA05-F5E9CBF6CF50}.Debug|Any CPU.Build.0 = Debug|Any CPU
		{C2A77D26-0F80-4543-AA05-F5E9CBF6CF50}.Release|Any CPU.ActiveCfg = Release|Any CPU
		{C2A77D26-0F80-4543-AA05-F5E9CBF6CF50}.Release|Any CPU.Build.0 = Release|Any CPU
	EndGlobalSection
	GlobalSection(SolutionProperties) = preSolution
		HideSolutionNode = FALSE
	EndGlobalSection
	GlobalSection(ExtensibilityGlobals) = postSolution
		SolutionGuid = {3C3E18EE-0D27-401F-94FF-5B78AAAE114A}
	EndGlobalSection
EndGlobal
